
Microsoft Visual Studio Solution File, Format Version 12.00
# Visual Studio Version 16
VisualStudioVersion = 16.0.29512.175
MinimumVisualStudioVersion = 10.0.40219.1
Project("{FAE04EC0-301F-11D3-BF4B-00C04F79EFBC}") = "Playoff Pool.UWP", "Playoff Pool\Playoff Pool.UWP\Playoff Pool.UWP.csproj", "{19E56F4E-E493-4F7D-A384-037AEA4170DC}"
EndProject
Project("{FAE04EC0-301F-11D3-BF4B-00C04F79EFBC}") = "Playoff Pool.Android", "Playoff Pool\Playoff Pool.Android\Playoff Pool.Android.csproj", "{B46F98C8-7D02-4769-9A05-D573ECD77E87}"
EndProject
Project("{FAE04EC0-301F-11D3-BF4B-00C04F79EFBC}") = "Playoff Pool.iOS", "Playoff Pool\Playoff Pool.iOS\Playoff Pool.iOS.csproj", "{2B603B5B-499C-4515-8185-36824AA4FA82}"
EndProject
Project("{FAE04EC0-301F-11D3-BF4B-00C04F79EFBC}") = "Playoff Pool", "Playoff Pool\Playoff Pool\Playoff Pool.csproj", "{C9BEF46D-9879-45EE-883B-7C6E44B2E98A}"
EndProject
Global
	GlobalSection(SolutionConfigurationPlatforms) = preSolution
		Debug|Any CPU = Debug|Any CPU
		Debug|ARM = Debug|ARM
		Debug|iPhone = Debug|iPhone
		Debug|iPhoneSimulator = Debug|iPhoneSimulator
		Debug|x64 = Debug|x64
		Debug|x86 = Debug|x86
		Release|Any CPU = Release|Any CPU
		Release|ARM = Release|ARM
		Release|iPhone = Release|iPhone
		Release|iPhoneSimulator = Release|iPhoneSimulator
		Release|x64 = Release|x64
		Release|x86 = Release|x86
	EndGlobalSection
	GlobalSection(ProjectConfigurationPlatforms) = postSolution
		{19E56F4E-E493-4F7D-A384-037AEA4170DC}.Debug|Any CPU.ActiveCfg = Debug|x86
		{19E56F4E-E493-4F7D-A384-037AEA4170DC}.Debug|Any CPU.Build.0 = Debug|x86
		{19E56F4E-E493-4F7D-A384-037AEA4170DC}.Debug|Any CPU.Deploy.0 = Debug|x86
		{19E56F4E-E493-4F7D-A384-037AEA4170DC}.Debug|ARM.ActiveCfg = Debug|ARM
		{19E56F4E-E493-4F7D-A384-037AEA4170DC}.Debug|ARM.Build.0 = Debug|ARM
		{19E56F4E-E493-4F7D-A384-037AEA4170DC}.Debug|ARM.Deploy.0 = Debug|ARM
		{19E56F4E-E493-4F7D-A384-037AEA4170DC}.Debug|iPhone.ActiveCfg = Debug|x86
		{19E56F4E-E493-4F7D-A384-037AEA4170DC}.Debug|iPhone.Build.0 = Debug|x86
		{19E56F4E-E493-4F7D-A384-037AEA4170DC}.Debug|iPhone.Deploy.0 = Debug|x86
		{19E56F4E-E493-4F7D-A384-037AEA4170DC}.Debug|iPhoneSimulator.ActiveCfg = Debug|x86
		{19E56F4E-E493-4F7D-A384-037AEA4170DC}.Debug|iPhoneSimulator.Build.0 = Debug|x86
		{19E56F4E-E493-4F7D-A384-037AEA4170DC}.Debug|iPhoneSimulator.Deploy.0 = Debug|x86
		{19E56F4E-E493-4F7D-A384-037AEA4170DC}.Debug|x64.ActiveCfg = Debug|x64
		{19E56F4E-E493-4F7D-A384-037AEA4170DC}.Debug|x64.Build.0 = Debug|x64
		{19E56F4E-E493-4F7D-A384-037AEA4170DC}.Debug|x64.Deploy.0 = Debug|x64
		{19E56F4E-E493-4F7D-A384-037AEA4170DC}.Debug|x86.ActiveCfg = Debug|x86
		{19E56F4E-E493-4F7D-A384-037AEA4170DC}.Debug|x86.Build.0 = Debug|x86
		{19E56F4E-E493-4F7D-A384-037AEA4170DC}.Debug|x86.Deploy.0 = Debug|x86
		{19E56F4E-E493-4F7D-A384-037AEA4170DC}.Release|Any CPU.ActiveCfg = Release|x86
		{19E56F4E-E493-4F7D-A384-037AEA4170DC}.Release|Any CPU.Build.0 = Release|x86
		{19E56F4E-E493-4F7D-A384-037AEA4170DC}.Release|Any CPU.Deploy.0 = Release|x86
		{19E56F4E-E493-4F7D-A384-037AEA4170DC}.Release|ARM.ActiveCfg = Release|ARM
		{19E56F4E-E493-4F7D-A384-037AEA4170DC}.Release|ARM.Build.0 = Release|ARM
		{19E56F4E-E493-4F7D-A384-037AEA4170DC}.Release|ARM.Deploy.0 = Release|ARM
		{19E56F4E-E493-4F7D-A384-037AEA4170DC}.Release|iPhone.ActiveCfg = Release|x86
		{19E56F4E-E493-4F7D-A384-037AEA4170DC}.Release|iPhone.Build.0 = Release|x86
		{19E56F4E-E493-4F7D-A384-037AEA4170DC}.Release|iPhone.Deploy.0 = Release|x86
		{19E56F4E-E493-4F7D-A384-037AEA4170DC}.Release|iPhoneSimulator.ActiveCfg = Release|x86
		{19E56F4E-E493-4F7D-A384-037AEA4170DC}.Release|iPhoneSimulator.Build.0 = Release|x86
		{19E56F4E-E493-4F7D-A384-037AEA4170DC}.Release|iPhoneSimulator.Deploy.0 = Release|x86
		{19E56F4E-E493-4F7D-A384-037AEA4170DC}.Release|x64.ActiveCfg = Release|x64
		{19E56F4E-E493-4F7D-A384-037AEA4170DC}.Release|x64.Build.0 = Release|x64
		{19E56F4E-E493-4F7D-A384-037AEA4170DC}.Release|x64.Deploy.0 = Release|x64
		{19E56F4E-E493-4F7D-A384-037AEA4170DC}.Release|x86.ActiveCfg = Release|x86
		{19E56F4E-E493-4F7D-A384-037AEA4170DC}.Release|x86.Build.0 = Release|x86
		{19E56F4E-E493-4F7D-A384-037AEA4170DC}.Release|x86.Deploy.0 = Release|x86
		{B46F98C8-7D02-4769-9A05-D573ECD77E87}.Debug|Any CPU.ActiveCfg = Debug|Any CPU
		{B46F98C8-7D02-4769-9A05-D573ECD77E87}.Debug|Any CPU.Build.0 = Debug|Any CPU
		{B46F98C8-7D02-4769-9A05-D573ECD77E87}.Debug|Any CPU.Deploy.0 = Debug|Any CPU
		{B46F98C8-7D02-4769-9A05-D573ECD77E87}.Debug|ARM.ActiveCfg = Debug|Any CPU
		{B46F98C8-7D02-4769-9A05-D573ECD77E87}.Debug|ARM.Build.0 = Debug|Any CPU
		{B46F98C8-7D02-4769-9A05-D573ECD77E87}.Debug|ARM.Deploy.0 = Debug|Any CPU
		{B46F98C8-7D02-4769-9A05-D573ECD77E87}.Debug|iPhone.ActiveCfg = Debug|Any CPU
		{B46F98C8-7D02-4769-9A05-D573ECD77E87}.Debug|iPhone.Build.0 = Debug|Any CPU
		{B46F98C8-7D02-4769-9A05-D573ECD77E87}.Debug|iPhone.Deploy.0 = Debug|Any CPU
		{B46F98C8-7D02-4769-9A05-D573ECD77E87}.Debug|iPhoneSimulator.ActiveCfg = Debug|Any CPU
		{B46F98C8-7D02-4769-9A05-D573ECD77E87}.Debug|iPhoneSimulator.Build.0 = Debug|Any CPU
		{B46F98C8-7D02-4769-9A05-D573ECD77E87}.Debug|iPhoneSimulator.Deploy.0 = Debug|Any CPU
		{B46F98C8-7D02-4769-9A05-D573ECD77E87}.Debug|x64.ActiveCfg = Debug|Any CPU
		{B46F98C8-7D02-4769-9A05-D573ECD77E87}.Debug|x64.Build.0 = Debug|Any CPU
		{B46F98C8-7D02-4769-9A05-D573ECD77E87}.Debug|x64.Deploy.0 = Debug|Any CPU
		{B46F98C8-7D02-4769-9A05-D573ECD77E87}.Debug|x86.ActiveCfg = Debug|Any CPU
		{B46F98C8-7D02-4769-9A05-D573ECD77E87}.Debug|x86.Build.0 = Debug|Any CPU
		{B46F98C8-7D02-4769-9A05-D573ECD77E87}.Debug|x86.Deploy.0 = Debug|Any CPU
		{B46F98C8-7D02-4769-9A05-D573ECD77E87}.Release|Any CPU.ActiveCfg = Release|Any CPU
		{B46F98C8-7D02-4769-9A05-D573ECD77E87}.Release|Any CPU.Build.0 = Release|Any CPU
		{B46F98C8-7D02-4769-9A05-D573ECD77E87}.Release|Any CPU.Deploy.0 = Release|Any CPU
		{B46F98C8-7D02-4769-9A05-D573ECD77E87}.Release|ARM.ActiveCfg = Release|Any CPU
		{B46F98C8-7D02-4769-9A05-D573ECD77E87}.Release|ARM.Build.0 = Release|Any CPU
		{B46F98C8-7D02-4769-9A05-D573ECD77E87}.Release|ARM.Deploy.0 = Release|Any CPU
		{B46F98C8-7D02-4769-9A05-D573ECD77E87}.Release|iPhone.ActiveCfg = Release|Any CPU
		{B46F98C8-7D02-4769-9A05-D573ECD77E87}.Release|iPhone.Build.0 = Release|Any CPU
		{B46F98C8-7D02-4769-9A05-D573ECD77E87}.Release|iPhone.Deploy.0 = Release|Any CPU
		{B46F98C8-7D02-4769-9A05-D573ECD77E87}.Release|iPhoneSimulator.ActiveCfg = Release|Any CPU
		{B46F98C8-7D02-4769-9A05-D573ECD77E87}.Release|iPhoneSimulator.Build.0 = Release|Any CPU
		{B46F98C8-7D02-4769-9A05-D573ECD77E87}.Release|iPhoneSimulator.Deploy.0 = Release|Any CPU
		{B46F98C8-7D02-4769-9A05-D573ECD77E87}.Release|x64.ActiveCfg = Release|Any CPU
		{B46F98C8-7D02-4769-9A05-D573ECD77E87}.Release|x64.Build.0 = Release|Any CPU
		{B46F98C8-7D02-4769-9A05-D573ECD77E87}.Release|x64.Deploy.0 = Release|Any CPU
		{B46F98C8-7D02-4769-9A05-D573ECD77E87}.Release|x86.ActiveCfg = Release|Any CPU
		{B46F98C8-7D02-4769-9A05-D573ECD77E87}.Release|x86.Build.0 = Release|Any CPU
		{B46F98C8-7D02-4769-9A05-D573ECD77E87}.Release|x86.Deploy.0 = Release|Any CPU
		{2B603B5B-499C-4515-8185-36824AA4FA82}.Debug|Any CPU.ActiveCfg = Debug|iPhone
		{2B603B5B-499C-4515-8185-36824AA4FA82}.Debug|Any CPU.Build.0 = Debug|iPhone
		{2B603B5B-499C-4515-8185-36824AA4FA82}.Debug|Any CPU.Deploy.0 = Debug|iPhone
		{2B603B5B-499C-4515-8185-36824AA4FA82}.Debug|ARM.ActiveCfg = Debug|iPhoneSimulator
		{2B603B5B-499C-4515-8185-36824AA4FA82}.Debug|ARM.Build.0 = Debug|iPhoneSimulator
		{2B603B5B-499C-4515-8185-36824AA4FA82}.Debug|ARM.Deploy.0 = Debug|iPhoneSimulator
		{2B603B5B-499C-4515-8185-36824AA4FA82}.Debug|iPhone.ActiveCfg = Debug|iPhone
		{2B603B5B-499C-4515-8185-36824AA4FA82}.Debug|iPhone.Build.0 = Debug|iPhone
		{2B603B5B-499C-4515-8185-36824AA4FA82}.Debug|iPhone.Deploy.0 = Debug|iPhone
		{2B603B5B-499C-4515-8185-36824AA4FA82}.Debug|iPhoneSimulator.ActiveCfg = Debug|iPhoneSimulator
		{2B603B5B-499C-4515-8185-36824AA4FA82}.Debug|iPhoneSimulator.Build.0 = Debug|iPhoneSimulator
		{2B603B5B-499C-4515-8185-36824AA4FA82}.Debug|iPhoneSimulator.Deploy.0 = Debug|iPhoneSimulator
		{2B603B5B-499C-4515-8185-36824AA4FA82}.Debug|x64.ActiveCfg = Debug|iPhone
		{2B603B5B-499C-4515-8185-36824AA4FA82}.Debug|x64.Build.0 = Debug|iPhone
		{2B603B5B-499C-4515-8185-36824AA4FA82}.Debug|x64.Deploy.0 = Debug|iPhone
		{2B603B5B-499C-4515-8185-36824AA4FA82}.Debug|x86.ActiveCfg = Debug|iPhone
		{2B603B5B-499C-4515-8185-36824AA4FA82}.Debug|x86.Build.0 = Debug|iPhone
		{2B603B5B-499C-4515-8185-36824AA4FA82}.Debug|x86.Deploy.0 = Debug|iPhone
		{2B603B5B-499C-4515-8185-36824AA4FA82}.Release|Any CPU.ActiveCfg = Release|iPhone
		{2B603B5B-499C-4515-8185-36824AA4FA82}.Release|Any CPU.Build.0 = Release|iPhone
		{2B603B5B-499C-4515-8185-36824AA4FA82}.Release|Any CPU.Deploy.0 = Release|iPhone
		{2B603B5B-499C-4515-8185-36824AA4FA82}.Release|ARM.ActiveCfg = Release|iPhone
		{2B603B5B-499C-4515-8185-36824AA4FA82}.Release|ARM.Build.0 = Release|iPhone
		{2B603B5B-499C-4515-8185-36824AA4FA82}.Release|ARM.Deploy.0 = Release|iPhone
		{2B603B5B-499C-4515-8185-36824AA4FA82}.Release|iPhone.ActiveCfg = Release|iPhone
		{2B603B5B-499C-4515-8185-36824AA4FA82}.Release|iPhone.Build.0 = Release|iPhone
		{2B603B5B-499C-4515-8185-36824AA4FA82}.Release|iPhone.Deploy.0 = Release|iPhone
		{2B603B5B-499C-4515-8185-36824AA4FA82}.Release|iPhoneSimulator.ActiveCfg = Release|iPhoneSimulator
		{2B603B5B-499C-4515-8185-36824AA4FA82}.Release|iPhoneSimulator.Build.0 = Release|iPhoneSimulator
		{2B603B5B-499C-4515-8185-36824AA4FA82}.Release|iPhoneSimulator.Deploy.0 = Release|iPhoneSimulator
		{2B603B5B-499C-4515-8185-36824AA4FA82}.Release|x64.ActiveCfg = Release|iPhone
		{2B603B5B-499C-4515-8185-36824AA4FA82}.Release|x64.Build.0 = Release|iPhone
		{2B603B5B-499C-4515-8185-36824AA4FA82}.Release|x64.Deploy.0 = Release|iPhone
		{2B603B5B-499C-4515-8185-36824AA4FA82}.Release|x86.ActiveCfg = Release|iPhone
		{2B603B5B-499C-4515-8185-36824AA4FA82}.Release|x86.Build.0 = Release|iPhone
		{2B603B5B-499C-4515-8185-36824AA4FA82}.Release|x86.Deploy.0 = Release|iPhone
		{C9BEF46D-9879-45EE-883B-7C6E44B2E98A}.Debug|Any CPU.ActiveCfg = Debug|Any CPU
		{C9BEF46D-9879-45EE-883B-7C6E44B2E98A}.Debug|Any CPU.Build.0 = Debug|Any CPU
		{C9BEF46D-9879-45EE-883B-7C6E44B2E98A}.Debug|Any CPU.Deploy.0 = Debug|Any CPU
		{C9BEF46D-9879-45EE-883B-7C6E44B2E98A}.Debug|ARM.ActiveCfg = Debug|Any CPU
		{C9BEF46D-9879-45EE-883B-7C6E44B2E98A}.Debug|ARM.Build.0 = Debug|Any CPU
		{C9BEF46D-9879-45EE-883B-7C6E44B2E98A}.Debug|ARM.Deploy.0 = Debug|Any CPU
		{C9BEF46D-9879-45EE-883B-7C6E44B2E98A}.Debug|iPhone.ActiveCfg = Debug|Any CPU
		{C9BEF46D-9879-45EE-883B-7C6E44B2E98A}.Debug|iPhone.Build.0 = Debug|Any CPU
		{C9BEF46D-9879-45EE-883B-7C6E44B2E98A}.Debug|iPhone.Deploy.0 = Debug|Any CPU
		{C9BEF46D-9879-45EE-883B-7C6E44B2E98A}.Debug|iPhoneSimulator.ActiveCfg = Debug|Any CPU
		{C9BEF46D-9879-45EE-883B-7C6E44B2E98A}.Debug|iPhoneSimulator.Build.0 = Debug|Any CPU
		{C9BEF46D-9879-45EE-883B-7C6E44B2E98A}.Debug|iPhoneSimulator.Deploy.0 = Debug|Any CPU
		{C9BEF46D-9879-45EE-883B-7C6E44B2E98A}.Debug|x64.ActiveCfg = Debug|Any CPU
		{C9BEF46D-9879-45EE-883B-7C6E44B2E98A}.Debug|x64.Build.0 = Debug|Any CPU
		{C9BEF46D-9879-45EE-883B-7C6E44B2E98A}.Debug|x64.Deploy.0 = Debug|Any CPU
		{C9BEF46D-9879-45EE-883B-7C6E44B2E98A}.Debug|x86.ActiveCfg = Debug|Any CPU
		{C9BEF46D-9879-45EE-883B-7C6E44B2E98A}.Debug|x86.Build.0 = Debug|Any CPU
		{C9BEF46D-9879-45EE-883B-7C6E44B2E98A}.Debug|x86.Deploy.0 = Debug|Any CPU
		{C9BEF46D-9879-45EE-883B-7C6E44B2E98A}.Release|Any CPU.ActiveCfg = Release|Any CPU
		{C9BEF46D-9879-45EE-883B-7C6E44B2E98A}.Release|Any CPU.Build.0 = Release|Any CPU
		{C9BEF46D-9879-45EE-883B-7C6E44B2E98A}.Release|Any CPU.Deploy.0 = Release|Any CPU
		{C9BEF46D-9879-45EE-883B-7C6E44B2E98A}.Release|ARM.ActiveCfg = Release|Any CPU
		{C9BEF46D-9879-45EE-883B-7C6E44B2E98A}.Release|ARM.Build.0 = Release|Any CPU
		{C9BEF46D-9879-45EE-883B-7C6E44B2E98A}.Release|ARM.Deploy.0 = Release|Any CPU
		{C9BEF46D-9879-45EE-883B-7C6E44B2E98A}.Release|iPhone.ActiveCfg = Release|Any CPU
		{C9BEF46D-9879-45EE-883B-7C6E44B2E98A}.Release|iPhone.Build.0 = Release|Any CPU
		{C9BEF46D-9879-45EE-883B-7C6E44B2E98A}.Release|iPhone.Deploy.0 = Release|Any CPU
		{C9BEF46D-9879-45EE-883B-7C6E44B2E98A}.Release|iPhoneSimulator.ActiveCfg = Release|Any CPU
		{C9BEF46D-9879-45EE-883B-7C6E44B2E98A}.Release|iPhoneSimulator.Build.0 = Release|Any CPU
		{C9BEF46D-9879-45EE-883B-7C6E44B2E98A}.Release|iPhoneSimulator.Deploy.0 = Release|Any CPU
		{C9BEF46D-9879-45EE-883B-7C6E44B2E98A}.Release|x64.ActiveCfg = Release|Any CPU
		{C9BEF46D-9879-45EE-883B-7C6E44B2E98A}.Release|x64.Build.0 = Release|Any CPU
		{C9BEF46D-9879-45EE-883B-7C6E44B2E98A}.Release|x64.Deploy.0 = Release|Any CPU
		{C9BEF46D-9879-45EE-883B-7C6E44B2E98A}.Release|x86.ActiveCfg = Release|Any CPU
		{C9BEF46D-9879-45EE-883B-7C6E44B2E98A}.Release|x86.Build.0 = Release|Any CPU
		{C9BEF46D-9879-45EE-883B-7C6E44B2E98A}.Release|x86.Deploy.0 = Release|Any CPU
	EndGlobalSection
	GlobalSection(SolutionProperties) = preSolution
		HideSolutionNode = FALSE
	EndGlobalSection
	GlobalSection(ExtensibilityGlobals) = postSolution
		SolutionGuid = {D94230F3-D04E-4B1A-9A7D-F694FC9A6F44}
	EndGlobalSection
EndGlobal
